
Microsoft Visual Studio Solution File, Format Version 12.00
# Visual Studio Version 17
VisualStudioVersion = 17.3.32825.248
MinimumVisualStudioVersion = 10.0.40219.1
Project("{FAE04EC0-301F-11D3-BF4B-00C04F79EFBC}") = "ejercicios", "ejercicios\ejercicios.csproj", "{3C72B518-97EB-43CA-8694-70A14CC3EA41}"
EndProject
Project("{FAE04EC0-301F-11D3-BF4B-00C04F79EFBC}") = "ejercicio 2", "ejercicio 2\ejercicio 2.csproj", "{A5209AD7-B63D-4235-93C4-99B09BCD8D39}"
EndProject
Project("{FAE04EC0-301F-11D3-BF4B-00C04F79EFBC}") = "ejercicio 3", "ejercicio 3\ejercicio 3.csproj", "{1BC20005-2CDB-4184-8ABA-458BBC089859}"
EndProject
Project("{FAE04EC0-301F-11D3-BF4B-00C04F79EFBC}") = "ejercicio 4", "ejercicio 4\ejercicio 4.csproj", "{39E72278-7249-4B83-BDF4-DBFB8EB0A2C1}"
EndProject
Project("{FAE04EC0-301F-11D3-BF4B-00C04F79EFBC}") = "ejercicio 5", "ejercicio 5\ejercicio 5.csproj", "{51FB30D5-5876-450F-BF99-AB769B616485}"
EndProject
Global
	GlobalSection(SolutionConfigurationPlatforms) = preSolution
		Debug|Any CPU = Debug|Any CPU
		Release|Any CPU = Release|Any CPU
	EndGlobalSection
	GlobalSection(ProjectConfigurationPlatforms) = postSolution
		{3C72B518-97EB-43CA-8694-70A14CC3EA41}.Debug|Any CPU.ActiveCfg = Debug|Any CPU
		{3C72B518-97EB-43CA-8694-70A14CC3EA41}.Debug|Any CPU.Build.0 = Debug|Any CPU
		{3C72B518-97EB-43CA-8694-70A14CC3EA41}.Release|Any CPU.ActiveCfg = Release|Any CPU
		{3C72B518-97EB-43CA-8694-70A14CC3EA41}.Release|Any CPU.Build.0 = Release|Any CPU
		{A5209AD7-B63D-4235-93C4-99B09BCD8D39}.Debug|Any CPU.ActiveCfg = Debug|Any CPU
		{A5209AD7-B63D-4235-93C4-99B09BCD8D39}.Debug|Any CPU.Build.0 = Debug|Any CPU
		{A5209AD7-B63D-4235-93C4-99B09BCD8D39}.Release|Any CPU.ActiveCfg = Release|Any CPU
		{A5209AD7-B63D-4235-93C4-99B09BCD8D39}.Release|Any CPU.Build.0 = Release|Any CPU
		{1BC20005-2CDB-4184-8ABA-458BBC089859}.Debug|Any CPU.ActiveCfg = Debug|Any CPU
		{1BC20005-2CDB-4184-8ABA-458BBC089859}.Debug|Any CPU.Build.0 = Debug|Any CPU
		{1BC20005-2CDB-4184-8ABA-458BBC089859}.Release|Any CPU.ActiveCfg = Release|Any CPU
		{1BC20005-2CDB-4184-8ABA-458BBC089859}.Release|Any CPU.Build.0 = Release|Any CPU
		{39E72278-7249-4B83-BDF4-DBFB8EB0A2C1}.Debug|Any CPU.ActiveCfg = Debug|Any CPU
		{39E72278-7249-4B83-BDF4-DBFB8EB0A2C1}.Debug|Any CPU.Build.0 = Debug|Any CPU
		{39E72278-7249-4B83-BDF4-DBFB8EB0A2C1}.Release|Any CPU.ActiveCfg = Release|Any CPU
		{39E72278-7249-4B83-BDF4-DBFB8EB0A2C1}.Release|Any CPU.Build.0 = Release|Any CPU
		{51FB30D5-5876-450F-BF99-AB769B616485}.Debug|Any CPU.ActiveCfg = Debug|Any CPU
		{51FB30D5-5876-450F-BF99-AB769B616485}.Debug|Any CPU.Build.0 = Debug|Any CPU
		{51FB30D5-5876-450F-BF99-AB769B616485}.Release|Any CPU.ActiveCfg = Release|Any CPU
		{51FB30D5-5876-450F-BF99-AB769B616485}.Release|Any CPU.Build.0 = Release|Any CPU
	EndGlobalSection
	GlobalSection(SolutionProperties) = preSolution
		HideSolutionNode = FALSE
	EndGlobalSection
	GlobalSection(ExtensibilityGlobals) = postSolution
		SolutionGuid = {7D2927A9-7467-4A76-9EF6-D5B42BE70E4F}
	EndGlobalSection
EndGlobal
